
Microsoft Visual Studio Solution File, Format Version 12.00
# Visual Studio Version 17
VisualStudioVersion = 17.1.32407.343
MinimumVisualStudioVersion = 10.0.40219.1
Project("{9A19103F-16F7-4668-BE54-9A1E7A4F7556}") = "ProjectTemp.Application.UnitTest", "test\ProjectTemp.Application.UnitTest\ProjectTemp.Application.UnitTest.csproj", "{AE8461BD-B6D6-466A-A75D-DED1564B86BE}"
EndProject
Global
	GlobalSection(SolutionConfigurationPlatforms) = preSolution
		Debug|Any CPU = Debug|Any CPU
		Release|Any CPU = Release|Any CPU
	EndGlobalSection
	GlobalSection(ProjectConfigurationPlatforms) = postSolution
		{AE8461BD-B6D6-466A-A75D-DED1564B86BE}.Debug|Any CPU.ActiveCfg = Debug|Any CPU
		{AE8461BD-B6D6-466A-A75D-DED1564B86BE}.Debug|Any CPU.Build.0 = Debug|Any CPU
		{AE8461BD-B6D6-466A-A75D-DED1564B86BE}.Release|Any CPU.ActiveCfg = Release|Any CPU
		{AE8461BD-B6D6-466A-A75D-DED1564B86BE}.Release|Any CPU.Build.0 = Release|Any CPU
	EndGlobalSection
	GlobalSection(SolutionProperties) = preSolution
		HideSolutionNode = FALSE
	EndGlobalSection
	GlobalSection(ExtensibilityGlobals) = postSolution
		SolutionGuid = {DAF7DD7A-337E-4C0C-95EC-9BE26B7336BF}
	EndGlobalSection
EndGlobal
