
Microsoft Visual Studio Solution File, Format Version 12.00
# Visual Studio Version 16
VisualStudioVersion = 16.0.31702.278
MinimumVisualStudioVersion = 10.0.40219.1
Project("{9A19103F-16F7-4668-BE54-9A1E7A4F7556}") = "ProjectTemp.RestApi.IntegrationTest", "test\ProjectTemp.RestApi.IntegrationTest\ProjectTemp.RestApi.IntegrationTest.csproj", "{53516186-091E-4FE6-86DB-D61977C74563}"
EndProject
Global
	GlobalSection(SolutionConfigurationPlatforms) = preSolution
		Debug|Any CPU = Debug|Any CPU
		Release|Any CPU = Release|Any CPU
	EndGlobalSection
	GlobalSection(ProjectConfigurationPlatforms) = postSolution
		{53516186-091E-4FE6-86DB-D61977C74563}.Debug|Any CPU.ActiveCfg = Debug|Any CPU
		{53516186-091E-4FE6-86DB-D61977C74563}.Debug|Any CPU.Build.0 = Debug|Any CPU
		{53516186-091E-4FE6-86DB-D61977C74563}.Release|Any CPU.ActiveCfg = Release|Any CPU
		{53516186-091E-4FE6-86DB-D61977C74563}.Release|Any CPU.Build.0 = Release|Any CPU
	EndGlobalSection
	GlobalSection(SolutionProperties) = preSolution
		HideSolutionNode = FALSE
	EndGlobalSection
	GlobalSection(ExtensibilityGlobals) = postSolution
		SolutionGuid = {53FC8459-C961-49D1-9998-205FD891F38B}
	EndGlobalSection
EndGlobal
