
Microsoft Visual Studio Solution File, Format Version 12.00
# Visual Studio Version 16
VisualStudioVersion = 16.0.31702.278
MinimumVisualStudioVersion = 10.0.40219.1
Project("{9A19103F-16F7-4668-BE54-9A1E7A4F7556}") = "ProjectTemp.Domain.UnitTest", "test\ProjectTemp.Domain.UnitTest\ProjectTemp.Domain.UnitTest.csproj", "{3B2A69E7-B015-45BF-839E-0574538F7F3E}"
EndProject
Global
	GlobalSection(SolutionConfigurationPlatforms) = preSolution
		Debug|Any CPU = Debug|Any CPU
		Release|Any CPU = Release|Any CPU
	EndGlobalSection
	GlobalSection(ProjectConfigurationPlatforms) = postSolution
		{3B2A69E7-B015-45BF-839E-0574538F7F3E}.Debug|Any CPU.ActiveCfg = Debug|Any CPU
		{3B2A69E7-B015-45BF-839E-0574538F7F3E}.Debug|Any CPU.Build.0 = Debug|Any CPU
		{3B2A69E7-B015-45BF-839E-0574538F7F3E}.Release|Any CPU.ActiveCfg = Release|Any CPU
		{3B2A69E7-B015-45BF-839E-0574538F7F3E}.Release|Any CPU.Build.0 = Release|Any CPU
	EndGlobalSection
	GlobalSection(SolutionProperties) = preSolution
		HideSolutionNode = FALSE
	EndGlobalSection
	GlobalSection(ExtensibilityGlobals) = postSolution
		SolutionGuid = {12D857CD-75B8-4C4E-A082-5FDA454F62E7}
	EndGlobalSection
EndGlobal
